{
  "name": "gatsby-starter-portfolio-cara",
  "version": "3.0.0",
  "lockfileVersion": 1,
  "requires": true,
  "dependencies": {
    "mailtoui": {
      "version": "1.0.2",
      "resolved": "https://registry.npmjs.org/mailtoui/-/mailtoui-1.0.2.tgz",
      "integrity": "sha512-GCRSobQP7q+e/BvAhK8qZtmE5Hy1KkCd+jHTsKT3Q94onFAvwfP1Fh4FbpYeT4x2Q08Z4heDxOK8C8gApLxvRA=="
    }
  }
}
